
Microsoft Visual Studio Solution File, Format Version 12.00
# Visual Studio Version 16
VisualStudioVersion = 16.0.30621.155
MinimumVisualStudioVersion = 10.0.40219.1
Project("{FAE04EC0-301F-11D3-BF4B-00C04F79EFBC}") = "PrimerProyecto", "PrimerProyecto\PrimerProyecto.csproj", "{672A3738-9CDE-48A3-BDED-E02C2469900A}"
EndProject
Global
	GlobalSection(SolutionConfigurationPlatforms) = preSolution
		Debug|Any CPU = Debug|Any CPU
		Release|Any CPU = Release|Any CPU
	EndGlobalSection
	GlobalSection(ProjectConfigurationPlatforms) = postSolution
		{672A3738-9CDE-48A3-BDED-E02C2469900A}.Debug|Any CPU.ActiveCfg = Debug|Any CPU
		{672A3738-9CDE-48A3-BDED-E02C2469900A}.Debug|Any CPU.Build.0 = Debug|Any CPU
		{672A3738-9CDE-48A3-BDED-E02C2469900A}.Release|Any CPU.ActiveCfg = Release|Any CPU
		{672A3738-9CDE-48A3-BDED-E02C2469900A}.Release|Any CPU.Build.0 = Release|Any CPU
	EndGlobalSection
	GlobalSection(SolutionProperties) = preSolution
		HideSolutionNode = FALSE
	EndGlobalSection
	GlobalSection(ExtensibilityGlobals) = postSolution
		SolutionGuid = {0DB24CB9-6877-4385-A17E-7AE44E5A720E}
	EndGlobalSection
EndGlobal
